
Microsoft Visual Studio Solution File, Format Version 12.00
# Visual Studio 2013
VisualStudioVersion = 12.0.30501.0
MinimumVisualStudioVersion = 10.0.40219.1
Project("{FAE04EC0-301F-11D3-BF4B-00C04F79EFBC}") = "WordProcessor", "WordProcessor\WordProcessor.csproj", "{6A40347B-ED8F-4BC6-914D-2893CD050801}"
EndProject
Project("{FAE04EC0-301F-11D3-BF4B-00C04F79EFBC}") = "Utils", "Utils\Utils.csproj", "{3CEA6180-E190-4BDC-BDC6-C45F03D4CB05}"
EndProject
Project("{FAE04EC0-301F-11D3-BF4B-00C04F79EFBC}") = "Dictionary", "Trie\Dictionary.csproj", "{88EAFBD8-9FEB-4F24-90E2-A0972EBEF1C1}"
EndProject
Project("{FAE04EC0-301F-11D3-BF4B-00C04F79EFBC}") = "RoslynRefactorings", "RoslynRefactorings\RoslynRefactorings.csproj", "{3390B532-15C1-4B82-ADBF-E95EDDA0A54C}"
EndProject
Global
	GlobalSection(SolutionConfigurationPlatforms) = preSolution
		Debug|Any CPU = Debug|Any CPU
		Release|Any CPU = Release|Any CPU
	EndGlobalSection
	GlobalSection(ProjectConfigurationPlatforms) = postSolution
		{6A40347B-ED8F-4BC6-914D-2893CD050801}.Debug|Any CPU.ActiveCfg = Debug|Any CPU
		{6A40347B-ED8F-4BC6-914D-2893CD050801}.Debug|Any CPU.Build.0 = Debug|Any CPU
		{6A40347B-ED8F-4BC6-914D-2893CD050801}.Release|Any CPU.ActiveCfg = Release|Any CPU
		{6A40347B-ED8F-4BC6-914D-2893CD050801}.Release|Any CPU.Build.0 = Release|Any CPU
		{3CEA6180-E190-4BDC-BDC6-C45F03D4CB05}.Debug|Any CPU.ActiveCfg = Debug|Any CPU
		{3CEA6180-E190-4BDC-BDC6-C45F03D4CB05}.Debug|Any CPU.Build.0 = Debug|Any CPU
		{3CEA6180-E190-4BDC-BDC6-C45F03D4CB05}.Release|Any CPU.ActiveCfg = Release|Any CPU
		{3CEA6180-E190-4BDC-BDC6-C45F03D4CB05}.Release|Any CPU.Build.0 = Release|Any CPU
		{88EAFBD8-9FEB-4F24-90E2-A0972EBEF1C1}.Debug|Any CPU.ActiveCfg = Debug|Any CPU
		{88EAFBD8-9FEB-4F24-90E2-A0972EBEF1C1}.Debug|Any CPU.Build.0 = Debug|Any CPU
		{88EAFBD8-9FEB-4F24-90E2-A0972EBEF1C1}.Release|Any CPU.ActiveCfg = Release|Any CPU
		{88EAFBD8-9FEB-4F24-90E2-A0972EBEF1C1}.Release|Any CPU.Build.0 = Release|Any CPU
		{3390B532-15C1-4B82-ADBF-E95EDDA0A54C}.Debug|Any CPU.ActiveCfg = Debug|Any CPU
		{3390B532-15C1-4B82-ADBF-E95EDDA0A54C}.Debug|Any CPU.Build.0 = Debug|Any CPU
		{3390B532-15C1-4B82-ADBF-E95EDDA0A54C}.Release|Any CPU.ActiveCfg = Release|Any CPU
		{3390B532-15C1-4B82-ADBF-E95EDDA0A54C}.Release|Any CPU.Build.0 = Release|Any CPU
	EndGlobalSection
	GlobalSection(SolutionProperties) = preSolution
		HideSolutionNode = FALSE
	EndGlobalSection
EndGlobal
